{
  "name": "cookdapp",
  "version": "1.0.0",
  "lockfileVersion": 1,
  "requires": true,
  "dependencies": {
    "@openzeppelin/contracts": {
      "version": "4.4.0",
      "resolved": "https://registry.npmjs.org/@openzeppelin/contracts/-/contracts-4.4.0.tgz",
      "integrity": "sha512-dlKiZmDvJnGRLHojrDoFZJmsQVeltVeoiRN7RK+cf2FmkhASDEblE0RiaYdxPNsUZa6mRG8393b9bfyp+V5IAw=="
    },
    "yarn": {
      "version": "1.22.17",
      "resolved": "https://registry.npmjs.org/yarn/-/yarn-1.22.17.tgz",
      "integrity": "sha512-H0p241BXaH0UN9IeH//RT82tl5PfNraVpSpEoW+ET7lmopNC61eZ+A+IDvU8FM6Go5vx162SncDL8J1ZjRBriQ=="
    }
  }
}
